Microsoft Visual Studio Solution File, Format Version 12.00
# Visual Studio 15
VisualStudioVersion = 15.0.26815.3
MinimumVisualStudioVersion = 10.0.40219.1
Project("{2150E333-8FDC-42A3-9474-1A3956D46DE8}") = "Solution Items", "Solution Items", "{AA905223-5125-4549-8A30-ADD629A70FC6}"
	ProjectSection(SolutionItems) = preProject
		global.json = global.json
		NuGet.config = NuGet.config
	EndProjectSection
EndProject
Project("{E53339B2-1760-4266-BCC7-CA923CBCF16C}") = "docker-compose", "docker-compose.dcproj", "{4FF83CD2-B0B7-4046-A13B-359D76783429}"
EndProject
Project("{2150E333-8FDC-42A3-9474-1A3956D46DE8}") = "src", "src", "{676C0F9E-BEF2-40CF-A12C-684505134DC4}"
EndProject
Project("{2150E333-8FDC-42A3-9474-1A3956D46DE8}") = "build", "build", "{C37FDE2D-89BE-477C-8A7A-00C6746E4695}"
	ProjectSection(SolutionItems) = preProject
		build\dependencies.props = build\dependencies.props
	EndProjectSection
EndProject
Project("{2150E333-8FDC-42A3-9474-1A3956D46DE8}") = "vendor", "vendor", "{4F428D70-BABB-4F17-A7B1-922E854FA4EB}"
EndProject
Project("{2150E333-8FDC-42A3-9474-1A3956D46DE8}") = "aspnet", "aspnet", "{0541901B-FC5C-45B7-A74B-86A677697793}"
EndProject
Project("{2150E333-8FDC-42A3-9474-1A3956D46DE8}") = "Configuration", "Configuration", "{A0139482-CBA7-48D6-8B50-3AE4E2DAA73A}"
EndProject
Project("{2150E333-8FDC-42A3-9474-1A3956D46DE8}") = "src", "src", "{0437DFB9-F74C-46DB-A416-6128A085B1A4}"
EndProject
Project("{9A19103F-16F7-4668-BE54-9A1E7A4F7556}") = "Config.DockerSecrets", "vendor\aspnet\Configuration\src\Config.DockerSecrets\Config.DockerSecrets.csproj", "{F329A503-8949-405A-BD57-E2A7E862FEEA}"
EndProject
Project("{9A19103F-16F7-4668-BE54-9A1E7A4F7556}") = "ConferencePlanner.Common", "src\ConferencePlanner.Common\ConferencePlanner.Common.csproj", "{88D86723-3EF8-4406-9B1A-0053EBA4F1C0}"
EndProject
Project("{9A19103F-16F7-4668-BE54-9A1E7A4F7556}") = "ConferencePlanner.BackEnd", "src\ConferencePlanner.BackEnd\ConferencePlanner.BackEnd.csproj", "{1C5DDD32-18F7-4978-829A-CC15FCB0B673}"
EndProject
Project("{9A19103F-16F7-4668-BE54-9A1E7A4F7556}") = "ConferencePlanner.FrontEnd", "src\ConferencePlanner.FrontEnd\ConferencePlanner.FrontEnd.csproj", "{7EB4CD08-7840-484D-8C3D-22FC4FF6225B}"
EndProject
Global
	GlobalSection(SolutionConfigurationPlatforms) = preSolution
		Debug|Any CPU = Debug|Any CPU
		Debug|x64 = Debug|x64
		Debug|x86 = Debug|x86
		Release|Any CPU = Release|Any CPU
		Release|x64 = Release|x64
		Release|x86 = Release|x86
	EndGlobalSection
	GlobalSection(ProjectConfigurationPlatforms) = postSolution
		{4FF83CD2-B0B7-4046-A13B-359D76783429}.Debug|Any CPU.ActiveCfg = Debug|Any CPU
		{4FF83CD2-B0B7-4046-A13B-359D76783429}.Debug|x64.ActiveCfg = Debug|Any CPU
		{4FF83CD2-B0B7-4046-A13B-359D76783429}.Debug|x64.Build.0 = Debug|Any CPU
		{4FF83CD2-B0B7-4046-A13B-359D76783429}.Debug|x86.ActiveCfg = Debug|Any CPU
		{4FF83CD2-B0B7-4046-A13B-359D76783429}.Debug|x86.Build.0 = Debug|Any CPU
		{4FF83CD2-B0B7-4046-A13B-359D76783429}.Release|Any CPU.ActiveCfg = Release|Any CPU
		{4FF83CD2-B0B7-4046-A13B-359D76783429}.Release|x64.ActiveCfg = Release|Any CPU
		{4FF83CD2-B0B7-4046-A13B-359D76783429}.Release|x64.Build.0 = Release|Any CPU
		{4FF83CD2-B0B7-4046-A13B-359D76783429}.Release|x86.ActiveCfg = Release|Any CPU
		{4FF83CD2-B0B7-4046-A13B-359D76783429}.Release|x86.Build.0 = Release|Any CPU
		{F329A503-8949-405A-BD57-E2A7E862FEEA}.Debug|Any CPU.ActiveCfg = Debug|Any CPU
		{F329A503-8949-405A-BD57-E2A7E862FEEA}.Debug|Any CPU.Build.0 = Debug|Any CPU
		{F329A503-8949-405A-BD57-E2A7E862FEEA}.Debug|x64.ActiveCfg = Debug|Any CPU
		{F329A503-8949-405A-BD57-E2A7E862FEEA}.Debug|x64.Build.0 = Debug|Any CPU
		{F329A503-8949-405A-BD57-E2A7E862FEEA}.Debug|x86.ActiveCfg = Debug|Any CPU
		{F329A503-8949-405A-BD57-E2A7E862FEEA}.Debug|x86.Build.0 = Debug|Any CPU
		{F329A503-8949-405A-BD57-E2A7E862FEEA}.Release|Any CPU.ActiveCfg = Release|Any CPU
		{F329A503-8949-405A-BD57-E2A7E862FEEA}.Release|Any CPU.Build.0 = Release|Any CPU
		{F329A503-8949-405A-BD57-E2A7E862FEEA}.Release|x64.ActiveCfg = Release|Any CPU
		{F329A503-8949-405A-BD57-E2A7E862FEEA}.Release|x64.Build.0 = Release|Any CPU
		{F329A503-8949-405A-BD57-E2A7E862FEEA}.Release|x86.ActiveCfg = Release|Any CPU
		{F329A503-8949-405A-BD57-E2A7E862FEEA}.Release|x86.Build.0 = Release|Any CPU
		{88D86723-3EF8-4406-9B1A-0053EBA4F1C0}.Debug|Any CPU.ActiveCfg = Debug|Any CPU
		{88D86723-3EF8-4406-9B1A-0053EBA4F1C0}.Debug|Any CPU.Build.0 = Debug|Any CPU
		{88D86723-3EF8-4406-9B1A-0053EBA4F1C0}.Debug|x64.ActiveCfg = Debug|Any CPU
		{88D86723-3EF8-4406-9B1A-0053EBA4F1C0}.Debug|x64.Build.0 = Debug|Any CPU
		{88D86723-3EF8-4406-9B1A-0053EBA4F1C0}.Debug|x86.ActiveCfg = Debug|Any CPU
		{88D86723-3EF8-4406-9B1A-0053EBA4F1C0}.Debug|x86.Build.0 = Debug|Any CPU
		{88D86723-3EF8-4406-9B1A-0053EBA4F1C0}.Release|Any CPU.ActiveCfg = Release|Any CPU
		{88D86723-3EF8-4406-9B1A-0053EBA4F1C0}.Release|Any CPU.Build.0 = Release|Any CPU
		{88D86723-3EF8-4406-9B1A-0053EBA4F1C0}.Release|x64.ActiveCfg = Release|Any CPU
		{88D86723-3EF8-4406-9B1A-0053EBA4F1C0}.Release|x64.Build.0 = Release|Any CPU
		{88D86723-3EF8-4406-9B1A-0053EBA4F1C0}.Release|x86.ActiveCfg = Release|Any CPU
		{88D86723-3EF8-4406-9B1A-0053EBA4F1C0}.Release|x86.Build.0 = Release|Any CPU
		{1C5DDD32-18F7-4978-829A-CC15FCB0B673}.Debug|Any CPU.ActiveCfg = Debug|Any CPU
		{1C5DDD32-18F7-4978-829A-CC15FCB0B673}.Debug|Any CPU.Build.0 = Debug|Any CPU
		{1C5DDD32-18F7-4978-829A-CC15FCB0B673}.Debug|x64.ActiveCfg = Debug|Any CPU
		{1C5DDD32-18F7-4978-829A-CC15FCB0B673}.Debug|x64.Build.0 = Debug|Any CPU
		{1C5DDD32-18F7-4978-829A-CC15FCB0B673}.Debug|x86.ActiveCfg = Debug|Any CPU
		{1C5DDD32-18F7-4978-829A-CC15FCB0B673}.Debug|x86.Build.0 = Debug|Any CPU
		{1C5DDD32-18F7-4978-829A-CC15FCB0B673}.Release|Any CPU.ActiveCfg = Release|Any CPU
		{1C5DDD32-18F7-4978-829A-CC15FCB0B673}.Release|Any CPU.Build.0 = Release|Any CPU
		{1C5DDD32-18F7-4978-829A-CC15FCB0B673}.Release|x64.ActiveCfg = Release|Any CPU
		{1C5DDD32-18F7-4978-829A-CC15FCB0B673}.Release|x64.Build.0 = Release|Any CPU
		{1C5DDD32-18F7-4978-829A-CC15FCB0B673}.Release|x86.ActiveCfg = Release|Any CPU
		{1C5DDD32-18F7-4978-829A-CC15FCB0B673}.Release|x86.Build.0 = Release|Any CPU
		{7EB4CD08-7840-484D-8C3D-22FC4FF6225B}.Debug|Any CPU.ActiveCfg = Debug|Any CPU
		{7EB4CD08-7840-484D-8C3D-22FC4FF6225B}.Debug|Any CPU.Build.0 = Debug|Any CPU
		{7EB4CD08-7840-484D-8C3D-22FC4FF6225B}.Debug|x64.ActiveCfg = Debug|Any CPU
		{7EB4CD08-7840-484D-8C3D-22FC4FF6225B}.Debug|x64.Build.0 = Debug|Any CPU
		{7EB4CD08-7840-484D-8C3D-22FC4FF6225B}.Debug|x86.ActiveCfg = Debug|Any CPU
		{7EB4CD08-7840-484D-8C3D-22FC4FF6225B}.Debug|x86.Build.0 = Debug|Any CPU
		{7EB4CD08-7840-484D-8C3D-22FC4FF6225B}.Release|Any CPU.ActiveCfg = Release|Any CPU
		{7EB4CD08-7840-484D-8C3D-22FC4FF6225B}.Release|Any CPU.Build.0 = Release|Any CPU
		{7EB4CD08-7840-484D-8C3D-22FC4FF6225B}.Release|x64.ActiveCfg = Release|Any CPU
		{7EB4CD08-7840-484D-8C3D-22FC4FF6225B}.Release|x64.Build.0 = Release|Any CPU
		{7EB4CD08-7840-484D-8C3D-22FC4FF6225B}.Release|x86.ActiveCfg = Release|Any CPU
		{7EB4CD08-7840-484D-8C3D-22FC4FF6225B}.Release|x86.Build.0 = Release|Any CPU
	EndGlobalSection
	GlobalSection(SolutionProperties) = preSolution
		HideSolutionNode = FALSE
	EndGlobalSection
	GlobalSection(NestedProjects) = preSolution
		{0541901B-FC5C-45B7-A74B-86A677697793} = {4F428D70-BABB-4F17-A7B1-922E854FA4EB}
		{A0139482-CBA7-48D6-8B50-3AE4E2DAA73A} = {0541901B-FC5C-45B7-A74B-86A677697793}
		{0437DFB9-F74C-46DB-A416-6128A085B1A4} = {A0139482-CBA7-48D6-8B50-3AE4E2DAA73A}
		{F329A503-8949-405A-BD57-E2A7E862FEEA} = {0437DFB9-F74C-46DB-A416-6128A085B1A4}
		{88D86723-3EF8-4406-9B1A-0053EBA4F1C0} = {676C0F9E-BEF2-40CF-A12C-684505134DC4}
		{1C5DDD32-18F7-4978-829A-CC15FCB0B673} = {676C0F9E-BEF2-40CF-A12C-684505134DC4}
		{7EB4CD08-7840-484D-8C3D-22FC4FF6225B} = {676C0F9E-BEF2-40CF-A12C-684505134DC4}
	EndGlobalSection
	GlobalSection(ExtensibilityGlobals) = postSolution
		SolutionGuid = {A6EC1CAB-AD9F-4F93-BBCD-E52C50ECF7B2}
	EndGlobalSection
EndGlobal
